{
  "name": "ts-test",
  "version": "1.0.0",
  "lockfileVersion": 3,
  "requires": true,
  "packages": {
    "": {
      "name": "ts-test",
      "version": "1.0.0",
      "license": "ISC",
      "devDependencies": {
        "@types/max-api": "^2.0.3",
        "@types/maxmsp": "^1.0.15",
        "typescript": "^5.8.3"
      }
    },
    "node_modules/@types/max-api": {
      "version": "2.0.3",
      "resolved": "https://registry.npmjs.org/@types/max-api/-/max-api-2.0.3.tgz",
      "integrity": "sha512-AyWhpYL3O0pYazbu6JPWrce5qkSoo9dh34zig6Sim7Vd+Uv3lGdTB2fZSw8t4Zu1wQgPDrjcLOkKoefCmQsW1Q==",
      "dev": true
    },
    "node_modules/@types/maxmsp": {
      "version": "1.0.15",
      "resolved": "https://registry.npmjs.org/@types/maxmsp/-/maxmsp-1.0.15.tgz",
      "integrity": "sha512-p2yhTP13jZIt2Bz5yGb/ovD/b+jkjRKuRmLb18LzTpwR1W6XeIBxjoiry15FvVE3Pi2nyo3IU6Ks+rQjUYCRfg==",
      "dev": true,
      "license": "MIT"
    },
    "node_modules/typescript": {
      "version": "5.8.3",
      "resolved": "https://registry.npmjs.org/typescript/-/typescript-5.8.3.tgz",
      "integrity": "sha512-p1diW6TqL9L07nNxvRMM7hMMw4c5XOo/1ibL4aAIGmSAt9slTE1Xgw5KWuof2uTOvCg9BY7ZRi+GaF+7sfgPeQ==",
      "dev": true,
      "license": "Apache-2.0",
      "bin": {
        "tsc": "bin/tsc",
        "tsserver": "bin/tsserver"
      },
      "engines": {
        "node": ">=14.17"
      }
    }
  }
}
